
Microsoft Visual Studio Solution File, Format Version 12.00
# Visual Studio Version 16
VisualStudioVersion = 16.0.29306.81
MinimumVisualStudioVersion = 10.0.40219.1
Project("{FAE04EC0-301F-11D3-BF4B-00C04F79EFBC}") = "ArtelierAvenue", "ArtelierAvenue\ArtelierAvenue.csproj", "{57D417FA-5D39-4434-AA98-99A0129ADB69}"
EndProject
Global
	GlobalSection(SolutionConfigurationPlatforms) = preSolution
		Debug|Any CPU = Debug|Any CPU
		Release|Any CPU = Release|Any CPU
	EndGlobalSection
	GlobalSection(ProjectConfigurationPlatforms) = postSolution
		{57D417FA-5D39-4434-AA98-99A0129ADB69}.Debug|Any CPU.ActiveCfg = Debug|Any CPU
		{57D417FA-5D39-4434-AA98-99A0129ADB69}.Debug|Any CPU.Build.0 = Debug|Any CPU
		{57D417FA-5D39-4434-AA98-99A0129ADB69}.Release|Any CPU.ActiveCfg = Release|Any CPU
		{57D417FA-5D39-4434-AA98-99A0129ADB69}.Release|Any CPU.Build.0 = Release|Any CPU
	EndGlobalSection
	GlobalSection(SolutionProperties) = preSolution
		HideSolutionNode = FALSE
	EndGlobalSection
	GlobalSection(ExtensibilityGlobals) = postSolution
		SolutionGuid = {656168FE-2E88-4621-B10A-EE74CCA0EE2A}
	EndGlobalSection
EndGlobal
